// !$*UTF8*$!
{
	archiveVersion = 1;
	classes = {
	};
	objectVersion = 46;
	objects = {

/* Begin PBXBuildFile section */
		BF_194216969438 /* CoreResources.bundle in Embed Resource Bundles */ = {isa = PBXBuildFile; fileRef = FR_332672672989 /* CoreResources.bundle */; settings = {ATTRIBUTES = (CodeSignOnCopy, RemoveHeadersOnCopy, ); }; };
		BF_281375628934 = {isa = PBXBuildFile; fileRef = FR_811841688257 /* Example.app */; };
		BF_399024594100 /* ExampleUIKitResources.bundle in Embed Resource Bundles */ = {isa = PBXBuildFile; fileRef = FR_427844645285 /* ExampleUIKitResources.bundle */; settings = {ATTRIBUTES = (CodeSignOnCopy, RemoveHeadersOnCopy, ); }; };
		BF_406923261251 /* ExampleUITests.swift in Sources */ = {isa = PBXBuildFile; fileRef = FR_234841811136 /* ExampleUITests.swift */; };
		BF_440528428630 /* ExampleTests.swift in Sources */ = {isa = PBXBuildFile; fileRef = FR_720282360816 /* ExampleTests.swift */; };
		BF_442380672497 /* Dependencies.swift in Sources */ = {isa = PBXBuildFile; fileRef = FR_698629011372 /* Dependencies.swift */; };
		BF_461157930218 /* ExampleUIKit.framework in Frameworks */ = {isa = PBXBuildFile; fileRef = FR_999697586046 /* ExampleUIKit.framework */; };
		"BF_461157930218-1" /* ExampleUIKit.framework in Embed Frameworks */ = {isa = PBXBuildFile; fileRef = FR_999697586046 /* ExampleUIKit.framework */; settings = {ATTRIBUTES = (CodeSignOnCopy, RemoveHeadersOnCopy, ); }; };
		BF_636973197185 /* AppDelegate.swift in Sources */ = {isa = PBXBuildFile; fileRef = FR_899791089418 /* AppDelegate.swift */; };
		BF_681434240257 = {isa = PBXBuildFile; fileRef = FR_358039319594 /* ExampleTests.xctest */; };
		BF_707441632981 /* Core.framework in Frameworks */ = {isa = PBXBuildFile; fileRef = FR_495536037600 /* Core.framework */; };
		"BF_707441632981-1" /* Core.framework in Embed Frameworks */ = {isa = PBXBuildFile; fileRef = FR_495536037600 /* Core.framework */; settings = {ATTRIBUTES = (CodeSignOnCopy, RemoveHeadersOnCopy, ); }; };
		BF_863162322620 = {isa = PBXBuildFile; fileRef = FR_434389203885 /* ExampleUITests.xctest */; };
/* End PBXBuildFile section */

/* Begin PBXContainerItemProxy section */
		CIP_35803931959 /* PBXContainerItemProxy */ = {
			isa = PBXContainerItemProxy;
			containerPortal = P_8118416882571 /* Project object */;
			proxyType = 1;
			remoteGlobalIDString = NT_811841688257;
			remoteInfo = Example;
		};
		CIP_43438920388 /* PBXContainerItemProxy */ = {
			isa = PBXContainerItemProxy;
			containerPortal = P_8118416882571 /* Project object */;
			proxyType = 1;
			remoteGlobalIDString = NT_811841688257;
			remoteInfo = Example;
		};
/* End PBXContainerItemProxy section */

/* Begin PBXCopyFilesBuildPhase section */
		CFBP_1335013547 /* Embed Frameworks */ = {
			isa = PBXCopyFilesBuildPhase;
			buildActionMask = 2147483647;
			dstPath = "";
			dstSubfolderSpec = 10;
			files = (
				"BF_707441632981-1" /* Core.framework in Embed Frameworks */,
				"BF_461157930218-1" /* ExampleUIKit.framework in Embed Frameworks */,
			);
			name = "Embed Frameworks";
			runOnlyForDeploymentPostprocessing = 0;
		};
		CFBP_7249506455 /* Embed Resource Bundles */ = {
			isa = PBXCopyFilesBuildPhase;
			buildActionMask = 2147483647;
			dstPath = "";
			dstSubfolderSpec = 7;
			files = (
				BF_399024594100 /* ExampleUIKitResources.bundle in Embed Resource Bundles */,
				BF_194216969438 /* CoreResources.bundle in Embed Resource Bundles */,
			);
			name = "Embed Resource Bundles";
			runOnlyForDeploymentPostprocessing = 0;
		};
/* End PBXCopyFilesBuildPhase section */

/* Begin PBXFileReference section */
		FR_100020163977 /* Info.plist */ = {isa = PBXFileReference; path = Info.plist; sourceTree = "<group>"; };
		FR_234841811136 /* ExampleUITests.swift */ = {isa = PBXFileReference; path = ExampleUITests.swift; sourceTree = "<group>"; };
		FR_332672672989 /* CoreResources.bundle */ = {isa = PBXFileReference; path = CoreResources.bundle; sourceTree = BUILT_PRODUCTS_DIR; };
		FR_358039319594 /* ExampleTests.xctest */ = {isa = PBXFileReference; explicitFileType = xctest; includeInIndex = 0; path = ExampleTests.xctest; sourceTree = BUILT_PRODUCTS_DIR; };
		FR_417516798490 /* Info.plist */ = {isa = PBXFileReference; path = Info.plist; sourceTree = "<group>"; };
		FR_427844645285 /* ExampleUIKitResources.bundle */ = {isa = PBXFileReference; path = ExampleUIKitResources.bundle; sourceTree = BUILT_PRODUCTS_DIR; };
		FR_434389203885 /* ExampleUITests.xctest */ = {isa = PBXFileReference; explicitFileType = xctest; includeInIndex = 0; path = ExampleUITests.xctest; sourceTree = BUILT_PRODUCTS_DIR; };
		FR_495536037600 /* Core.framework */ = {isa = PBXFileReference; path = Core.framework; sourceTree = BUILT_PRODUCTS_DIR; };
		FR_649556874164 /* Info.plist */ = {isa = PBXFileReference; path = Info.plist; sourceTree = "<group>"; };
		FR_698629011372 /* Dependencies.swift */ = {isa = PBXFileReference; path = Dependencies.swift; sourceTree = "<group>"; };
		FR_720282360816 /* ExampleTests.swift */ = {isa = PBXFileReference; path = ExampleTests.swift; sourceTree = "<group>"; };
		FR_811841688257 /* Example.app */ = {isa = PBXFileReference; explicitFileType = app; includeInIndex = 0; path = Example.app; sourceTree = BUILT_PRODUCTS_DIR; };
		FR_899791089418 /* AppDelegate.swift */ = {isa = PBXFileReference; path = AppDelegate.swift; sourceTree = "<group>"; };
		FR_999697586046 /* ExampleUIKit.framework */ = {isa = PBXFileReference; path = ExampleUIKit.framework; sourceTree = BUILT_PRODUCTS_DIR; };
/* End PBXFileReference section */

/* Begin PBXFrameworksBuildPhase section */
		FBP_81184168825 /* Frameworks */ = {
			isa = PBXFrameworksBuildPhase;
			buildActionMask = 2147483647;
			files = (
				BF_707441632981 /* Core.framework in Frameworks */,
				BF_461157930218 /* ExampleUIKit.framework in Frameworks */,
			);
			runOnlyForDeploymentPostprocessing = 0;
		};
/* End PBXFrameworksBuildPhase section */

/* Begin PBXGroup section */
		G_1952740716080 /* Frameworks */ = {
			isa = PBXGroup;
			children = (
				FR_495536037600 /* Core.framework */,
				FR_999697586046 /* ExampleUIKit.framework */,
			);
			name = Frameworks;
			sourceTree = "<group>";
		};
		G_3580393195945 /* ExampleTests */ = {
			isa = PBXGroup;
			children = (
				FR_720282360816 /* ExampleTests.swift */,
				FR_100020163977 /* Info.plist */,
			);
			name = ExampleTests;
			path = ExampleTests;
			sourceTree = "<group>";
		};
		G_4343892038855 /* ExampleUITests */ = {
			isa = PBXGroup;
			children = (
				FR_234841811136 /* ExampleUITests.swift */,
				FR_417516798490 /* Info.plist */,
			);
			name = ExampleUITests;
			path = ExampleUITests;
			sourceTree = "<group>";
		};
		G_6019856371554 /* Sources */ = {
			isa = PBXGroup;
			children = (
				FR_899791089418 /* AppDelegate.swift */,
				FR_698629011372 /* Dependencies.swift */,
			);
			name = Sources;
			path = Sources;
			sourceTree = "<group>";
		};
		G_7189434949822 /* Resources */ = {
			isa = PBXGroup;
			children = (
				FR_332672672989 /* CoreResources.bundle */,
				FR_427844645285 /* ExampleUIKitResources.bundle */,
			);
			name = Resources;
			sourceTree = "<group>";
		};
		G_8118416882571 /* Example */ = {
			isa = PBXGroup;
			children = (
				G_6019856371554 /* Sources */,
				FR_649556874164 /* Info.plist */,
			);
			name = Example;
			path = Example;
			sourceTree = "<group>";
		};
		G_8448771205358 = {
			isa = PBXGroup;
			children = (
				G_8118416882571 /* Example */,
				G_3580393195945 /* ExampleTests */,
				G_4343892038855 /* ExampleUITests */,
				G_1952740716080 /* Frameworks */,
				G_8620238527590 /* Products */,
				G_7189434949822 /* Resources */,
			);
			sourceTree = "<group>";
		};
		G_8620238527590 /* Products */ = {
			isa = PBXGroup;
			children = (
				FR_811841688257 /* Example.app */,
				FR_358039319594 /* ExampleTests.xctest */,
				FR_434389203885 /* ExampleUITests.xctest */,
			);
			name = Products;
			sourceTree = "<group>";
		};
/* End PBXGroup section */

/* Begin PBXNativeTarget section */
		NT_358039319594 /* ExampleTests */ = {
			isa = PBXNativeTarget;
			buildConfigurationList = CL_358039319594 /* Build configuration list for PBXNativeTarget "ExampleTests" */;
			buildPhases = (
				SBP_35803931959 /* Sources */,
			);
			buildRules = (
			);
			dependencies = (
				TD_758424861854 /* PBXTargetDependency */,
			);
			name = ExampleTests;
			productName = ExampleTests;
			productReference = FR_358039319594 /* ExampleTests.xctest */;
			productType = "com.apple.product-type.bundle.unit-test";
		};
		NT_434389203885 /* ExampleUITests */ = {
			isa = PBXNativeTarget;
			buildConfigurationList = CL_434389203885 /* Build configuration list for PBXNativeTarget "ExampleUITests" */;
			buildPhases = (
				SBP_43438920388 /* Sources */,
			);
			buildRules = (
			);
			dependencies = (
				TD_795438090991 /* PBXTargetDependency */,
			);
			name = ExampleUITests;
			productName = ExampleUITests;
			productReference = FR_434389203885 /* ExampleUITests.xctest */;
			productType = "com.apple.product-type.bundle.ui-testing";
		};
		NT_811841688257 /* Example */ = {
			isa = PBXNativeTarget;
			buildConfigurationList = "CL_811841688257-1" /* Build configuration list for PBXNativeTarget "Example" */;
			buildPhases = (
				SBP_81184168825 /* Sources */,
				FBP_81184168825 /* Frameworks */,
				CFBP_1335013547 /* Embed Frameworks */,
				CFBP_7249506455 /* Embed Resource Bundles */,
			);
			buildRules = (
			);
			dependencies = (
			);
			name = Example;
			productName = Example;
			productReference = FR_811841688257 /* Example.app */;
			productType = "com.apple.product-type.application";
		};
/* End PBXNativeTarget section */

/* Begin PBXProject section */
		P_8118416882571 /* Project object */ = {
			isa = PBXProject;
			attributes = {
				LastUpgradeCheck = 0920;
				TargetAttributes = {
					NT_434389203885 = {
						TestTargetID = NT_811841688257;
					};
				};
			};
			buildConfigurationList = CL_811841688257 /* Build configuration list for PBXProject "Example" */;
			compatibilityVersion = "Xcode 3.2";
			developmentRegion = en;
			hasScannedForEncodings = 0;
			knownRegions = (
			);
			mainGroup = G_8448771205358;
			projectDirPath = "";
			projectRoot = "";
			targets = (
				NT_811841688257 /* Example */,
				NT_358039319594 /* ExampleTests */,
				NT_434389203885 /* ExampleUITests */,
			);
		};
/* End PBXProject section */

/* Begin PBXSourcesBuildPhase section */
		SBP_35803931959 /* Sources */ = {
			isa = PBXSourcesBuildPhase;
			buildActionMask = 2147483647;
			files = (
				BF_440528428630 /* ExampleTests.swift in Sources */,
			);
			runOnlyForDeploymentPostprocessing = 0;
		};
		SBP_43438920388 /* Sources */ = {
			isa = PBXSourcesBuildPhase;
			buildActionMask = 2147483647;
			files = (
				BF_406923261251 /* ExampleUITests.swift in Sources */,
			);
			runOnlyForDeploymentPostprocessing = 0;
		};
		SBP_81184168825 /* Sources */ = {
			isa = PBXSourcesBuildPhase;
			buildActionMask = 2147483647;
			files = (
				BF_636973197185 /* AppDelegate.swift in Sources */,
				BF_442380672497 /* Dependencies.swift in Sources */,
			);
			runOnlyForDeploymentPostprocessing = 0;
		};
/* End PBXSourcesBuildPhase section */

/* Begin PBXTargetDependency section */
		TD_758424861854 /* PBXTargetDependency */ = {
			isa = PBXTargetDependency;
			target = NT_811841688257 /* Example */;
			targetProxy = CIP_35803931959 /* PBXContainerItemProxy */;
		};
		TD_795438090991 /* PBXTargetDependency */ = {
			isa = PBXTargetDependency;
			target = NT_811841688257 /* Example */;
			targetProxy = CIP_43438920388 /* PBXContainerItemProxy */;
		};
/* End PBXTargetDependency section */

/* Begin XCBuildConfiguration section */
		BC_128660091127 /* Release */ = {
			isa = XCBuildConfiguration;
			buildSettings = {
				BUNDLE_LOADER = "$(TEST_HOST)";
				INFOPLIST_FILE = ExampleUITests/Info.plist;
				LD_RUNPATH_SEARCH_PATHS = "$(inherited) @executable_path/Frameworks @loader_path/Frameworks";
				PRODUCT_BUNDLE_IDENTIFIER = at.imobility.ExampleUITests;
				SDKROOT = iphoneos;
				TARGETED_DEVICE_FAMILY = "1,2";
				TEST_TARGET_NAME = Example;
			};
			name = Release;
		};
		BC_193880517564 /* Debug */ = {
			isa = XCBuildConfiguration;
			buildSettings = {
				ALWAYS_EMBED_SWIFT_STANDARD_LIBRARIES = YES;
				ASSETCATALOG_COMPILER_APPICON_NAME = AppIcon;
				"CODE_SIGN_IDENTITY[sdk=iphoneos*]" = "iPhone Developer";
				INFOPLIST_FILE = Example/Info.plist;
				LD_RUNPATH_SEARCH_PATHS = "$(inherited) @executable_path/Frameworks";
				PRODUCT_BUNDLE_IDENTIFIER = at.imobility.Example;
				SDKROOT = iphoneos;
				TARGETED_DEVICE_FAMILY = "1,2";
			};
			name = Debug;
		};
		BC_307592185539 /* Debug */ = {
			isa = XCBuildConfiguration;
			buildSettings = {
				BUNDLE_LOADER = "$(TEST_HOST)";
				INFOPLIST_FILE = ExampleUITests/Info.plist;
				LD_RUNPATH_SEARCH_PATHS = "$(inherited) @executable_path/Frameworks @loader_path/Frameworks";
				PRODUCT_BUNDLE_IDENTIFIER = at.imobility.ExampleUITests;
				SDKROOT = iphoneos;
				TARGETED_DEVICE_FAMILY = "1,2";
				TEST_TARGET_NAME = Example;
			};
			name = Debug;
		};
		BC_392625229773 /* Release */ = {
			isa = XCBuildConfiguration;
			buildSettings = {
				ALWAYS_EMBED_SWIFT_STANDARD_LIBRARIES = YES;
				ASSETCATALOG_COMPILER_APPICON_NAME = AppIcon;
				"CODE_SIGN_IDENTITY[sdk=iphoneos*]" = "iPhone Developer";
				INFOPLIST_FILE = Example/Info.plist;
				LD_RUNPATH_SEARCH_PATHS = "$(inherited) @executable_path/Frameworks";
				PRODUCT_BUNDLE_IDENTIFIER = at.imobility.Example;
				SDKROOT = iphoneos;
				TARGETED_DEVICE_FAMILY = "1,2";
			};
			name = Release;
		};
		BC_432831028444 /* Distribution */ = {
			isa = XCBuildConfiguration;
			buildSettings = {
				ALWAYS_EMBED_SWIFT_STANDARD_LIBRARIES = YES;
				ASSETCATALOG_COMPILER_APPICON_NAME = AppIcon;
				"CODE_SIGN_IDENTITY[sdk=iphoneos*]" = "iPhone Developer";
				INFOPLIST_FILE = Example/Info.plist;
				LD_RUNPATH_SEARCH_PATHS = "$(inherited) @executable_path/Frameworks";
				PRODUCT_BUNDLE_IDENTIFIER = at.imobility.Example;
				SDKROOT = iphoneos;
				TARGETED_DEVICE_FAMILY = "1,2";
			};
			name = Distribution;
		};
		BC_479945831424 /* Debug */ = {
			isa = XCBuildConfiguration;
			buildSettings = {
				ALWAYS_SEARCH_USER_PATHS = NO;
				CLANG_ANALYZER_NONNULL = YES;
				CLANG_ANALYZER_NUMBER_OBJECT_CONVERSION = YES_AGGRESSIVE;
				CLANG_CXX_LANGUAGE_STANDARD = "gnu++14";
				CLANG_CXX_LIBRARY = "libc++";
				CLANG_ENABLE_MODULES = YES;
				CLANG_ENABLE_OBJC_ARC = YES;
				CLANG_WARN_BLOCK_CAPTURE_AUTORELEASING = YES;
				CLANG_WARN_BOOL_CONVERSION = YES;
				CLANG_WARN_COMMA = YES;
				CLANG_WARN_CONSTANT_CONVERSION = YES;
				CLANG_WARN_DIRECT_OBJC_ISA_USAGE = YES_ERROR;
				CLANG_WARN_DOCUMENTATION_COMMENTS = YES;
				CLANG_WARN_EMPTY_BODY = YES;
				CLANG_WARN_ENUM_CONVERSION = YES;
				CLANG_WARN_INFINITE_RECURSION = YES;
				CLANG_WARN_INT_CONVERSION = YES;
				CLANG_WARN_NON_LITERAL_NULL_CONVERSION = YES;
				CLANG_WARN_OBJC_LITERAL_CONVERSION = YES;
				CLANG_WARN_OBJC_ROOT_CLASS = YES_ERROR;
				CLANG_WARN_RANGE_LOOP_ANALYSIS = YES;
				CLANG_WARN_STRICT_PROTOTYPES = YES;
				CLANG_WARN_SUSPICIOUS_MOVE = YES;
				CLANG_WARN_UNGUARDED_AVAILABILITY = YES_AGGRESSIVE;
				CLANG_WARN_UNREACHABLE_CODE = YES;
				CLANG_WARN__DUPLICATE_METHOD_MATCH = YES;
				COPY_PHASE_STRIP = NO;
				DEBUG_INFORMATION_FORMAT = dwarf;
				ENABLE_STRICT_OBJC_MSGSEND = YES;
				ENABLE_TESTABILITY = YES;
				GCC_C_LANGUAGE_STANDARD = gnu11;
				GCC_DYNAMIC_NO_PIC = NO;
				GCC_NO_COMMON_BLOCKS = YES;
				GCC_OPTIMIZATION_LEVEL = 0;
				GCC_PREPROCESSOR_DEFINITIONS = (
					"$(inherited)",
					"DEBUG=1",
				);
				GCC_WARN_64_TO_32_BIT_CONVERSION = YES;
				GCC_WARN_ABOUT_RETURN_TYPE = YES_ERROR;
				GCC_WARN_UNDECLARED_SELECTOR = YES;
				GCC_WARN_UNINITIALIZED_AUTOS = YES_AGGRESSIVE;
				GCC_WARN_UNUSED_FUNCTION = YES;
				GCC_WARN_UNUSED_VARIABLE = YES;
				MTL_ENABLE_DEBUG_INFO = YES;
				ONLY_ACTIVE_ARCH = YES;
				PRODUCT_NAME = "$(TARGET_NAME)";
				SWIFT_ACTIVE_COMPILATION_CONDITIONS = DEBUG;
				SWIFT_OPTIMIZATION_LEVEL = "-Onone";
				SWIFT_VERSION = 4.0;
			};
			name = Debug;
		};
		BC_495674805946 /* Release */ = {
			isa = XCBuildConfiguration;
			buildSettings = {
				BUNDLE_LOADER = "$(TEST_HOST)";
				INFOPLIST_FILE = ExampleTests/Info.plist;
				LD_RUNPATH_SEARCH_PATHS = "$(inherited) @executable_path/Frameworks @loader_path/Frameworks";
				PRODUCT_BUNDLE_IDENTIFIER = at.imobility.ExampleTests;
				SDKROOT = iphoneos;
				TARGETED_DEVICE_FAMILY = "1,2";
				TEST_HOST = "$(BUILT_PRODUCTS_DIR)/Example.app/Example";
			};
			name = Release;
		};
		BC_528808161376 /* Distribution */ = {
			isa = XCBuildConfiguration;
			buildSettings = {
				BUNDLE_LOADER = "$(TEST_HOST)";
				INFOPLIST_FILE = ExampleTests/Info.plist;
				LD_RUNPATH_SEARCH_PATHS = "$(inherited) @executable_path/Frameworks @loader_path/Frameworks";
				PRODUCT_BUNDLE_IDENTIFIER = at.imobility.ExampleTests;
				SDKROOT = iphoneos;
				TARGETED_DEVICE_FAMILY = "1,2";
				TEST_HOST = "$(BUILT_PRODUCTS_DIR)/Example.app/Example";
			};
			name = Distribution;
		};
		BC_707283621375 /* Distribution */ = {
			isa = XCBuildConfiguration;
			buildSettings = {
				BUNDLE_LOADER = "$(TEST_HOST)";
				INFOPLIST_FILE = ExampleUITests/Info.plist;
				LD_RUNPATH_SEARCH_PATHS = "$(inherited) @executable_path/Frameworks @loader_path/Frameworks";
				PRODUCT_BUNDLE_IDENTIFIER = at.imobility.ExampleUITests;
				SDKROOT = iphoneos;
				TARGETED_DEVICE_FAMILY = "1,2";
				TEST_TARGET_NAME = Example;
			};
			name = Distribution;
		};
		BC_804521649148 /* Debug */ = {
			isa = XCBuildConfiguration;
			buildSettings = {
				BUNDLE_LOADER = "$(TEST_HOST)";
				INFOPLIST_FILE = ExampleTests/Info.plist;
				LD_RUNPATH_SEARCH_PATHS = "$(inherited) @executable_path/Frameworks @loader_path/Frameworks";
				PRODUCT_BUNDLE_IDENTIFIER = at.imobility.ExampleTests;
				SDKROOT = iphoneos;
				TARGETED_DEVICE_FAMILY = "1,2";
				TEST_HOST = "$(BUILT_PRODUCTS_DIR)/Example.app/Example";
			};
			name = Debug;
		};
		BC_869483544316 /* Distribution */ = {
			isa = XCBuildConfiguration;
			buildSettings = {
				ALWAYS_SEARCH_USER_PATHS = NO;
				CLANG_ANALYZER_NONNULL = YES;
				CLANG_ANALYZER_NUMBER_OBJECT_CONVERSION = YES_AGGRESSIVE;
				CLANG_CXX_LANGUAGE_STANDARD = "gnu++14";
				CLANG_CXX_LIBRARY = "libc++";
				CLANG_ENABLE_MODULES = YES;
				CLANG_ENABLE_OBJC_ARC = YES;
				CLANG_WARN_BLOCK_CAPTURE_AUTORELEASING = YES;
				CLANG_WARN_BOOL_CONVERSION = YES;
				CLANG_WARN_COMMA = YES;
				CLANG_WARN_CONSTANT_CONVERSION = YES;
				CLANG_WARN_DIRECT_OBJC_ISA_USAGE = YES_ERROR;
				CLANG_WARN_DOCUMENTATION_COMMENTS = YES;
				CLANG_WARN_EMPTY_BODY = YES;
				CLANG_WARN_ENUM_CONVERSION = YES;
				CLANG_WARN_INFINITE_RECURSION = YES;
				CLANG_WARN_INT_CONVERSION = YES;
				CLANG_WARN_NON_LITERAL_NULL_CONVERSION = YES;
				CLANG_WARN_OBJC_LITERAL_CONVERSION = YES;
				CLANG_WARN_OBJC_ROOT_CLASS = YES_ERROR;
				CLANG_WARN_RANGE_LOOP_ANALYSIS = YES;
				CLANG_WARN_STRICT_PROTOTYPES = YES;
				CLANG_WARN_SUSPICIOUS_MOVE = YES;
				CLANG_WARN_UNGUARDED_AVAILABILITY = YES_AGGRESSIVE;
				CLANG_WARN_UNREACHABLE_CODE = YES;
				CLANG_WARN__DUPLICATE_METHOD_MATCH = YES;
				COPY_PHASE_STRIP = NO;
				DEBUG_INFORMATION_FORMAT = "dwarf-with-dsym";
				ENABLE_NS_ASSERTIONS = NO;
				ENABLE_STRICT_OBJC_MSGSEND = YES;
				GCC_C_LANGUAGE_STANDARD = gnu11;
				GCC_NO_COMMON_BLOCKS = YES;
				GCC_WARN_64_TO_32_BIT_CONVERSION = YES;
				GCC_WARN_ABOUT_RETURN_TYPE = YES_ERROR;
				GCC_WARN_UNDECLARED_SELECTOR = YES;
				GCC_WARN_UNINITIALIZED_AUTOS = YES_AGGRESSIVE;
				GCC_WARN_UNUSED_FUNCTION = YES;
				GCC_WARN_UNUSED_VARIABLE = YES;
				PRODUCT_NAME = "$(TARGET_NAME)";
				SWIFT_OPTIMIZATION_LEVEL = "-Owholemodule";
				SWIFT_VERSION = 4.0;
				VALIDATE_PRODUCT = YES;
			};
			name = Distribution;
		};
		BC_881114754245 /* Release */ = {
			isa = XCBuildConfiguration;
			buildSettings = {
				ALWAYS_SEARCH_USER_PATHS = NO;
				CLANG_ANALYZER_NONNULL = YES;
				CLANG_ANALYZER_NUMBER_OBJECT_CONVERSION = YES_AGGRESSIVE;
				CLANG_CXX_LANGUAGE_STANDARD = "gnu++14";
				CLANG_CXX_LIBRARY = "libc++";
				CLANG_ENABLE_MODULES = YES;
				CLANG_ENABLE_OBJC_ARC = YES;
				CLANG_WARN_BLOCK_CAPTURE_AUTORELEASING = YES;
				CLANG_WARN_BOOL_CONVERSION = YES;
				CLANG_WARN_COMMA = YES;
				CLANG_WARN_CONSTANT_CONVERSION = YES;
				CLANG_WARN_DIRECT_OBJC_ISA_USAGE = YES_ERROR;
				CLANG_WARN_DOCUMENTATION_COMMENTS = YES;
				CLANG_WARN_EMPTY_BODY = YES;
				CLANG_WARN_ENUM_CONVERSION = YES;
				CLANG_WARN_INFINITE_RECURSION = YES;
				CLANG_WARN_INT_CONVERSION = YES;
				CLANG_WARN_NON_LITERAL_NULL_CONVERSION = YES;
				CLANG_WARN_OBJC_LITERAL_CONVERSION = YES;
				CLANG_WARN_OBJC_ROOT_CLASS = YES_ERROR;
				CLANG_WARN_RANGE_LOOP_ANALYSIS = YES;
				CLANG_WARN_STRICT_PROTOTYPES = YES;
				CLANG_WARN_SUSPICIOUS_MOVE = YES;
				CLANG_WARN_UNGUARDED_AVAILABILITY = YES_AGGRESSIVE;
				CLANG_WARN_UNREACHABLE_CODE = YES;
				CLANG_WARN__DUPLICATE_METHOD_MATCH = YES;
				COPY_PHASE_STRIP = NO;
				DEBUG_INFORMATION_FORMAT = "dwarf-with-dsym";
				ENABLE_NS_ASSERTIONS = NO;
				ENABLE_STRICT_OBJC_MSGSEND = YES;
				GCC_C_LANGUAGE_STANDARD = gnu11;
				GCC_NO_COMMON_BLOCKS = YES;
				GCC_WARN_64_TO_32_BIT_CONVERSION = YES;
				GCC_WARN_ABOUT_RETURN_TYPE = YES_ERROR;
				GCC_WARN_UNDECLARED_SELECTOR = YES;
				GCC_WARN_UNINITIALIZED_AUTOS = YES_AGGRESSIVE;
				GCC_WARN_UNUSED_FUNCTION = YES;
				GCC_WARN_UNUSED_VARIABLE = YES;
				PRODUCT_NAME = "$(TARGET_NAME)";
				SWIFT_OPTIMIZATION_LEVEL = "-Owholemodule";
				SWIFT_VERSION = 4.0;
				VALIDATE_PRODUCT = YES;
			};
			name = Release;
		};
/* End XCBuildConfiguration section */

/* Begin XCConfigurationList section */
		CL_358039319594 /* Build configuration list for PBXNativeTarget "ExampleTests" */ = {
			isa = XCConfigurationList;
			buildConfigurations = (
				BC_804521649148 /* Debug */,
				BC_528808161376 /* Distribution */,
				BC_495674805946 /* Release */,
			);
			defaultConfigurationIsVisible = 0;
			defaultConfigurationName = "";
		};
		CL_434389203885 /* Build configuration list for PBXNativeTarget "ExampleUITests" */ = {
			isa = XCConfigurationList;
			buildConfigurations = (
				BC_307592185539 /* Debug */,
				BC_707283621375 /* Distribution */,
				BC_128660091127 /* Release */,
			);
			defaultConfigurationIsVisible = 0;
			defaultConfigurationName = "";
		};
		CL_811841688257 /* Build configuration list for PBXProject "Example" */ = {
			isa = XCConfigurationList;
			buildConfigurations = (
				BC_479945831424 /* Debug */,
				BC_869483544316 /* Distribution */,
				BC_881114754245 /* Release */,
			);
			defaultConfigurationIsVisible = 0;
			defaultConfigurationName = Debug;
		};
		"CL_811841688257-1" /* Build configuration list for PBXNativeTarget "Example" */ = {
			isa = XCConfigurationList;
			buildConfigurations = (
				BC_193880517564 /* Debug */,
				BC_432831028444 /* Distribution */,
				BC_392625229773 /* Release */,
			);
			defaultConfigurationIsVisible = 0;
			defaultConfigurationName = "";
		};
/* End XCConfigurationList section */
	};
	rootObject = P_8118416882571 /* Project object */;
}
